
Microsoft Visual Studio Solution File, Format Version 10.00
# Visual Studio 2008
Project("{8BC9CEB8-8B4A-11D0-8D11-00A0C91BC942}") = "mainwindow", "mainwindow\mainwindow.vcproj", "{4DB8B2B0-9CEA-3C81-8B19-5897A39C1215}"
EndProject
Global
	GlobalSection(SolutionConfigurationPlatforms) = preSolution
		Debug|Win32 = Debug|Win32
		Release|Win32 = Release|Win32
	EndGlobalSection
	GlobalSection(ProjectConfigurationPlatforms) = postSolution
		{4DB8B2B0-9CEA-3C81-8B19-5897A39C1215}.Debug|Win32.ActiveCfg = Debug|Win32
		{4DB8B2B0-9CEA-3C81-8B19-5897A39C1215}.Debug|Win32.Build.0 = Debug|Win32
		{4DB8B2B0-9CEA-3C81-8B19-5897A39C1215}.Release|Win32.ActiveCfg = Release|Win32
		{4DB8B2B0-9CEA-3C81-8B19-5897A39C1215}.Release|Win32.Build.0 = Release|Win32
	EndGlobalSection
	GlobalSection(SolutionProperties) = preSolution
		HideSolutionNode = FALSE
	EndGlobalSection
EndGlobal
