
Microsoft Visual Studio Solution File, Format Version 10.00
# Visual Studio 2008
Project("{8BC9CEB8-8B4A-11D0-8D11-00A0C91BC942}") = "SoundSpeed", "SoundSpeed\SoundSpeed.vcproj", "{E11C6030-1FEC-4DA6-ADC6-03C742270F2A}"
EndProject
Global
	GlobalSection(SolutionConfigurationPlatforms) = preSolution
		Debug|Win32 = Debug|Win32
		Release|Win32 = Release|Win32
	EndGlobalSection
	GlobalSection(ProjectConfigurationPlatforms) = postSolution
		{E11C6030-1FEC-4DA6-ADC6-03C742270F2A}.Debug|Win32.ActiveCfg = Debug|Win32
		{E11C6030-1FEC-4DA6-ADC6-03C742270F2A}.Debug|Win32.Build.0 = Debug|Win32
		{E11C6030-1FEC-4DA6-ADC6-03C742270F2A}.Release|Win32.ActiveCfg = Release|Win32
		{E11C6030-1FEC-4DA6-ADC6-03C742270F2A}.Release|Win32.Build.0 = Release|Win32
	EndGlobalSection
	GlobalSection(SolutionProperties) = preSolution
		HideSolutionNode = FALSE
	EndGlobalSection
EndGlobal
