
Microsoft Visual Studio Solution File, Format Version 10.00
# Visual Studio 2008
Project("{8BC9CEB8-8B4A-11D0-8D11-00A0C91BC942}") = "StaNoise", "StaNoise\StaNoise.vcproj", "{093B5FE1-2728-407A-A775-2D6C500C3195}"
EndProject
Global
	GlobalSection(SolutionConfigurationPlatforms) = preSolution
		Debug|Win32 = Debug|Win32
		Release|Win32 = Release|Win32
	EndGlobalSection
	GlobalSection(ProjectConfigurationPlatforms) = postSolution
		{093B5FE1-2728-407A-A775-2D6C500C3195}.Debug|Win32.ActiveCfg = Debug|Win32
		{093B5FE1-2728-407A-A775-2D6C500C3195}.Debug|Win32.Build.0 = Debug|Win32
		{093B5FE1-2728-407A-A775-2D6C500C3195}.Release|Win32.ActiveCfg = Release|Win32
		{093B5FE1-2728-407A-A775-2D6C500C3195}.Release|Win32.Build.0 = Release|Win32
	EndGlobalSection
	GlobalSection(SolutionProperties) = preSolution
		HideSolutionNode = FALSE
	EndGlobalSection
EndGlobal
