
Microsoft Visual Studio Solution File, Format Version 9.00
# Visual Studio 2005
Project("{8BC9CEB8-8B4A-11D0-8D11-00A0C91BC942}") = "plx_dll", "plx_dll.vcproj", "{6B47F753-E978-4421-A6B0-E715299F0848}"
EndProject
Project("{8BC9CEB8-8B4A-11D0-8D11-00A0C91BC942}") = "plx_test", "plx_test\plx_test.vcproj", "{ABD7ED64-CA83-471C-8B0B-EDB3F5F8C6DF}"
EndProject
Global
	GlobalSection(SolutionConfigurationPlatforms) = preSolution
		Debug|Win32 = Debug|Win32
		Release|Win32 = Release|Win32
	EndGlobalSection
	GlobalSection(ProjectConfigurationPlatforms) = postSolution
		{6B47F753-E978-4421-A6B0-E715299F0848}.Debug|Win32.ActiveCfg = Debug|Win32
		{6B47F753-E978-4421-A6B0-E715299F0848}.Debug|Win32.Build.0 = Debug|Win32
		{6B47F753-E978-4421-A6B0-E715299F0848}.Release|Win32.ActiveCfg = Release|Win32
		{6B47F753-E978-4421-A6B0-E715299F0848}.Release|Win32.Build.0 = Release|Win32
		{ABD7ED64-CA83-471C-8B0B-EDB3F5F8C6DF}.Debug|Win32.ActiveCfg = Debug|Win32
		{ABD7ED64-CA83-471C-8B0B-EDB3F5F8C6DF}.Debug|Win32.Build.0 = Debug|Win32
		{ABD7ED64-CA83-471C-8B0B-EDB3F5F8C6DF}.Release|Win32.ActiveCfg = Release|Win32
		{ABD7ED64-CA83-471C-8B0B-EDB3F5F8C6DF}.Release|Win32.Build.0 = Release|Win32
	EndGlobalSection
	GlobalSection(SolutionProperties) = preSolution
		HideSolutionNode = FALSE
	EndGlobalSection
EndGlobal
